
Microsoft Visual Studio Solution File, Format Version 12.00
# Visual Studio Version 17
VisualStudioVersion = 17.0.31903.59
MinimumVisualStudioVersion = 10.0.40219.1
Project("{2150E333-8FDC-42A3-9474-1A3956D46DE8}") = "Shared", "Shared", "{4F52FD11-658E-A102-6CD3-7D7C16FFA15B}"
EndProject
Project("{FAE04EC0-301F-11D3-BF4B-00C04F79EFBC}") = "SwarmRoute.Domain.Abstractions", "Shared\SwarmRoute.Domain.Abstractions\SwarmRoute.Domain.Abstractions.csproj", "{9D4E2D7E-1E70-4024-85D0-28DEDEE8B50F}"
EndProject
Project("{2150E333-8FDC-42A3-9474-1A3956D46DE8}") = "lib", "lib", "{3A8DF596-E814-FECC-DD4B-D8EF8AAC1A0D}"
EndProject
Project("{2150E333-8FDC-42A3-9474-1A3956D46DE8}") = "NetDevPack", "NetDevPack", "{E02989C5-82FC-F24E-D6EA-99E67DCAB776}"
EndProject
Project("{2150E333-8FDC-42A3-9474-1A3956D46DE8}") = "src", "src", "{9515FEE0-EA75-F56A-7F3A-74A6AB53A525}"
EndProject
Project("{FAE04EC0-301F-11D3-BF4B-00C04F79EFBC}") = "NetDevPack", "lib\NetDevPack\src\NetDevPack\NetDevPack.csproj", "{11303F1E-B2CC-4A57-A038-567765E81243}"
EndProject
Project("{FAE04EC0-301F-11D3-BF4B-00C04F79EFBC}") = "SwarmRoute.SpatioTemporal.Kernel", "Shared\SwarmRoute.SpatioTemporal.Kernel\SwarmRoute.SpatioTemporal.Kernel.csproj", "{36E889D9-B371-41D1-98DA-1FB53D929C3E}"
EndProject
Project("{FAE04EC0-301F-11D3-BF4B-00C04F79EFBC}") = "SwarmRoute.StateMachine.Core", "Shared\SwarmRoute.StateMachine.Core\SwarmRoute.StateMachine.Core.csproj", "{09689F6A-B538-4B79-8562-FE9B6086A9C0}"
EndProject
Project("{FAE04EC0-301F-11D3-BF4B-00C04F79EFBC}") = "SwarmRoute.Infra.Data.Core", "Shared\SwarmRoute.Infra.Data.Core\SwarmRoute.Infra.Data.Core.csproj", "{7FD45C38-32A4-4DCF-9237-0A77BEA42DCC}"
EndProject
Project("{FAE04EC0-301F-11D3-BF4B-00C04F79EFBC}") = "SwarmRoute.EventBus", "Shared\SwarmRoute.EventBus\SwarmRoute.EventBus.csproj", "{796452A8-77D9-4EC7-85C7-3D1AE188ED26}"
EndProject
Project("{2150E333-8FDC-42A3-9474-1A3956D46DE8}") = "src", "src", "{827E0CD3-B72D-47B6-A68D-7590B98EB39B}"
EndProject
Project("{2150E333-8FDC-42A3-9474-1A3956D46DE8}") = "vendor", "vendor", "{CB97BAB6-576F-0036-8D8B-ED0B05322E64}"
EndProject
Project("{FAE04EC0-301F-11D3-BF4B-00C04F79EFBC}") = "SwarmRoute.Algorithms", "src\vendor\SwarmRoute.Algorithms\SwarmRoute.Algorithms.csproj", "{FBDFEC63-CE92-4950-A6C5-00C4A6E121A7}"
EndProject
Project("{FAE04EC0-301F-11D3-BF4B-00C04F79EFBC}") = "SwarmRoute.Algorithms.DataStructures", "src\vendor\SwarmRoute.Algorithms.DataStructures\SwarmRoute.Algorithms.DataStructures.csproj", "{81B1C2ED-A40E-40EF-A3CD-B6B4E521CF24}"
EndProject
Project("{2150E333-8FDC-42A3-9474-1A3956D46DE8}") = "Coordination", "Coordination", "{D85A29DB-1665-DAC0-15C1-38C3ED03944B}"
EndProject
Project("{FAE04EC0-301F-11D3-BF4B-00C04F79EFBC}") = "SwarmRoute.Coordination.Application", "Coordination\SwarmRoute.Coordination.Application\SwarmRoute.Coordination.Application.csproj", "{43866F20-4AA2-4CED-9701-319A8DE88487}"
EndProject
Project("{2150E333-8FDC-42A3-9474-1A3956D46DE8}") = "Map", "Map", "{54E3609F-1103-37CE-38E1-EE7E2E240B85}"
EndProject
Project("{FAE04EC0-301F-11D3-BF4B-00C04F79EFBC}") = "SwarmRoute.Map.Application.Contract", "Map\SwarmRoute.Map.Application.Contract\SwarmRoute.Map.Application.Contract.csproj", "{8E979C0F-EB6A-4030-82E5-C3F8B16027AD}"
EndProject
Project("{2150E333-8FDC-42A3-9474-1A3956D46DE8}") = "PathPlanning", "PathPlanning", "{3A5A892E-FEAA-EEF5-288E-398CDBD6A573}"
EndProject
Project("{FAE04EC0-301F-11D3-BF4B-00C04F79EFBC}") = "SwarmRoute.PathPlanning.Application.Contract", "PathPlanning\SwarmRoute.PathPlanning.Application.Contract\SwarmRoute.PathPlanning.Application.Contract.csproj", "{82B7C229-ACF4-4F2F-9C26-62DA8AE56785}"
EndProject
Project("{2150E333-8FDC-42A3-9474-1A3956D46DE8}") = "TrafficControl", "TrafficControl", "{F9F5D555-9C92-041D-2C97-2E93D7899BA6}"
EndProject
Project("{FAE04EC0-301F-11D3-BF4B-00C04F79EFBC}") = "SwarmRoute.TrafficControl.Application.Contract", "TrafficControl\SwarmRoute.TrafficControl.Application.Contract\SwarmRoute.TrafficControl.Application.Contract.csproj", "{B16CAC75-B314-477D-81E3-42F8E3447180}"
EndProject
Project("{FAE04EC0-301F-11D3-BF4B-00C04F79EFBC}") = "SwarmRoute.PathPlanning.Domain", "PathPlanning\SwarmRoute.PathPlanning.Domain\SwarmRoute.PathPlanning.Domain.csproj", "{98CA2671-AF61-4345-A644-2A4CFD615581}"
EndProject
Project("{FAE04EC0-301F-11D3-BF4B-00C04F79EFBC}") = "SwarmRoute.PathPlanning.Domain.Shared", "PathPlanning\SwarmRoute.PathPlanning.Domain.Shared\SwarmRoute.PathPlanning.Domain.Shared.csproj", "{2BF0FFDD-7700-47CC-B31B-E7C56991E5B3}"
EndProject
Project("{2150E333-8FDC-42A3-9474-1A3956D46DE8}") = "Deadlock", "Deadlock", "{AE46CC9A-5502-86DB-B795-80687CC1E02C}"
EndProject
Project("{FAE04EC0-301F-11D3-BF4B-00C04F79EFBC}") = "SwarmRoute.Deadlock.Application.Contract", "Deadlock\SwarmRoute.Deadlock.Application.Contract\SwarmRoute.Deadlock.Application.Contract.csproj", "{DD035730-50BF-4B66-AA6A-430B1CD2D466}"
EndProject
Project("{2150E333-8FDC-42A3-9474-1A3956D46DE8}") = "host", "host", "{7226ABEA-787E-1D09-10EA-A2ECF996D6A6}"
EndProject
Project("{FAE04EC0-301F-11D3-BF4B-00C04F79EFBC}") = "SwarmRoute.Host", "host\SwarmRoute.Host\SwarmRoute.Host.csproj", "{BB60210D-5B10-4BAF-9129-45513776BDF2}"
EndProject
Project("{FAE04EC0-301F-11D3-BF4B-00C04F79EFBC}") = "SwarmRoute.Map.Infra.CrossCutting.IoC", "Map\SwarmRoute.Map.Infra.CrossCutting.IoC\SwarmRoute.Map.Infra.CrossCutting.IoC.csproj", "{14A8174B-5068-4542-944C-E6D9235A95BA}"
EndProject
Project("{FAE04EC0-301F-11D3-BF4B-00C04F79EFBC}") = "SwarmRoute.Map.Application", "Map\SwarmRoute.Map.Application\SwarmRoute.Map.Application.csproj", "{CBC7AE29-18F6-4CD6-8D75-A6CBD52170CF}"
EndProject
Project("{FAE04EC0-301F-11D3-BF4B-00C04F79EFBC}") = "SwarmRoute.Map.Domain", "Map\SwarmRoute.Map.Domain\SwarmRoute.Map.Domain.csproj", "{63100B2C-2939-4FF5-97C9-71659732BED6}"
EndProject
Project("{FAE04EC0-301F-11D3-BF4B-00C04F79EFBC}") = "SwarmRoute.Map.Domain.Shared", "Map\SwarmRoute.Map.Domain.Shared\SwarmRoute.Map.Domain.Shared.csproj", "{3B4BACA8-B7D4-4D09-BA31-5A3945BE0850}"
EndProject
Project("{FAE04EC0-301F-11D3-BF4B-00C04F79EFBC}") = "SwarmRoute.Map.Infra.Data", "Map\SwarmRoute.Map.Infra.Data\SwarmRoute.Map.Infra.Data.csproj", "{D201CB3E-3C33-4DAB-B953-30CAD07B80EA}"
EndProject
Project("{FAE04EC0-301F-11D3-BF4B-00C04F79EFBC}") = "SwarmRoute.PathPlanning.Infra.CrossCutting.IoC", "PathPlanning\SwarmRoute.PathPlanning.Infra.CrossCutting.IoC\SwarmRoute.PathPlanning.Infra.CrossCutting.IoC.csproj", "{DDE903B5-A1DA-48D9-A37D-F499024300C3}"
EndProject
Project("{FAE04EC0-301F-11D3-BF4B-00C04F79EFBC}") = "SwarmRoute.PathPlanning.Application", "PathPlanning\SwarmRoute.PathPlanning.Application\SwarmRoute.PathPlanning.Application.csproj", "{6A389724-FF6F-4E2D-8003-4738F1FD0966}"
EndProject
Project("{FAE04EC0-301F-11D3-BF4B-00C04F79EFBC}") = "SwarmRoute.TrafficControl.Infra.CrossCutting.IoC", "TrafficControl\SwarmRoute.TrafficControl.Infra.CrossCutting.IoC\SwarmRoute.TrafficControl.Infra.CrossCutting.IoC.csproj", "{F4401426-8672-486C-B7A6-8DC6EDD045F1}"
EndProject
Project("{FAE04EC0-301F-11D3-BF4B-00C04F79EFBC}") = "SwarmRoute.TrafficControl.Application", "TrafficControl\SwarmRoute.TrafficControl.Application\SwarmRoute.TrafficControl.Application.csproj", "{6F2E3843-F1F8-4EDA-B791-2A8252AAE25C}"
EndProject
Project("{FAE04EC0-301F-11D3-BF4B-00C04F79EFBC}") = "SwarmRoute.TrafficControl.Domain", "TrafficControl\SwarmRoute.TrafficControl.Domain\SwarmRoute.TrafficControl.Domain.csproj", "{1BFC54F9-BCE2-4D12-AEDA-00CFFE323CC0}"
EndProject
Project("{FAE04EC0-301F-11D3-BF4B-00C04F79EFBC}") = "SwarmRoute.TrafficControl.Domain.Shared", "TrafficControl\SwarmRoute.TrafficControl.Domain.Shared\SwarmRoute.TrafficControl.Domain.Shared.csproj", "{2B484E11-C929-4F23-9464-EED138AB1CAE}"
EndProject
Project("{FAE04EC0-301F-11D3-BF4B-00C04F79EFBC}") = "SwarmRoute.TrafficControl.Infra.Data", "TrafficControl\SwarmRoute.TrafficControl.Infra.Data\SwarmRoute.TrafficControl.Infra.Data.csproj", "{5371386F-75CF-4FA6-A397-EC13E0F5A82C}"
EndProject
Project("{FAE04EC0-301F-11D3-BF4B-00C04F79EFBC}") = "SwarmRoute.TrafficControl.Infra.BackgroundJobs", "TrafficControl\SwarmRoute.TrafficControl.Infra.BackgroundJobs\SwarmRoute.TrafficControl.Infra.BackgroundJobs.csproj", "{16B90984-7F06-4DE4-AC42-A490B79DE7C5}"
EndProject
Project("{FAE04EC0-301F-11D3-BF4B-00C04F79EFBC}") = "SwarmRoute.Deadlock.Infra.CrossCutting.IoC", "Deadlock\SwarmRoute.Deadlock.Infra.CrossCutting.IoC\SwarmRoute.Deadlock.Infra.CrossCutting.IoC.csproj", "{5EB1FA4D-AB99-4F40-8C2B-80C69C2337F8}"
EndProject
Project("{FAE04EC0-301F-11D3-BF4B-00C04F79EFBC}") = "SwarmRoute.Deadlock.Application", "Deadlock\SwarmRoute.Deadlock.Application\SwarmRoute.Deadlock.Application.csproj", "{A5D3FD65-C558-4068-8486-15D9A3F8B7D6}"
EndProject
Project("{FAE04EC0-301F-11D3-BF4B-00C04F79EFBC}") = "SwarmRoute.Deadlock.Domain", "Deadlock\SwarmRoute.Deadlock.Domain\SwarmRoute.Deadlock.Domain.csproj", "{478F6E5C-BC1A-4C4C-9972-05D0DF86A565}"
EndProject
Project("{FAE04EC0-301F-11D3-BF4B-00C04F79EFBC}") = "SwarmRoute.Deadlock.Domain.Shared", "Deadlock\SwarmRoute.Deadlock.Domain.Shared\SwarmRoute.Deadlock.Domain.Shared.csproj", "{DDC7D159-62BC-4AAD-B346-484E18D14FC9}"
EndProject
Project("{FAE04EC0-301F-11D3-BF4B-00C04F79EFBC}") = "SwarmRoute.PathPlanning.Tests", "PathPlanning\SwarmRoute.PathPlanning.Tests\SwarmRoute.PathPlanning.Tests.csproj", "{0F4D02D3-9494-452B-8153-6FBE016CDB78}"
EndProject
Project("{FAE04EC0-301F-11D3-BF4B-00C04F79EFBC}") = "SwarmRoute.Map.Tests", "Map\SwarmRoute.Map.Tests\SwarmRoute.Map.Tests.csproj", "{C4F34F20-5B3A-4D53-A92E-D89E5DFB1AB8}"
EndProject
Project("{FAE04EC0-301F-11D3-BF4B-00C04F79EFBC}") = "SwarmRoute.Map.Api", "Map\SwarmRoute.Map.Api\SwarmRoute.Map.Api.csproj", "{BD255EED-211B-425D-8B53-9540D95EE883}"
EndProject
Project("{FAE04EC0-301F-11D3-BF4B-00C04F79EFBC}") = "SwarmRoute.TrafficControl.Tests", "TrafficControl\SwarmRoute.TrafficControl.Tests\SwarmRoute.TrafficControl.Tests.csproj", "{953C3BEF-A27A-4C87-B66A-F8AC40AE1D3F}"
EndProject
Project("{FAE04EC0-301F-11D3-BF4B-00C04F79EFBC}") = "SwarmRoute.TrafficControl.Api", "TrafficControl\SwarmRoute.TrafficControl.Api\SwarmRoute.TrafficControl.Api.csproj", "{4C678662-BFBC-495C-9324-88CA7C053AFE}"
EndProject
Project("{FAE04EC0-301F-11D3-BF4B-00C04F79EFBC}") = "SwarmRoute.Deadlock.Tests", "Deadlock\SwarmRoute.Deadlock.Tests\SwarmRoute.Deadlock.Tests.csproj", "{EE233E83-D201-4CEE-B27A-7B56C22B4638}"
EndProject
Project("{2150E333-8FDC-42A3-9474-1A3956D46DE8}") = "tests", "tests", "{0AB3BF05-4346-4AA6-1389-037BE0695223}"
EndProject
Project("{FAE04EC0-301F-11D3-BF4B-00C04F79EFBC}") = "SwarmRoute.Integration.Tests", "tests\SwarmRoute.Integration.Tests\SwarmRoute.Integration.Tests.csproj", "{846668C9-75E3-4AF4-8E94-1591A4548BA1}"
EndProject
Project("{2150E333-8FDC-42A3-9474-1A3956D46DE8}") = "Simulation", "Simulation", "{36E7FC26-247D-07CC-9F36-7068B8A9EA44}"
EndProject
Project("{FAE04EC0-301F-11D3-BF4B-00C04F79EFBC}") = "SwarmRoute.Simulation.Application", "Simulation\SwarmRoute.Simulation.Application\SwarmRoute.Simulation.Application.csproj", "{003EA724-F25E-4C79-A7B8-88361668E3E5}"
EndProject
Global
	GlobalSection(SolutionConfigurationPlatforms) = preSolution
		Debug|Any CPU = Debug|Any CPU
		Debug|x64 = Debug|x64
		Debug|x86 = Debug|x86
		Release|Any CPU = Release|Any CPU
		Release|x64 = Release|x64
		Release|x86 = Release|x86
	EndGlobalSection
	GlobalSection(ProjectConfigurationPlatforms) = postSolution
		{9D4E2D7E-1E70-4024-85D0-28DEDEE8B50F}.Debug|Any CPU.ActiveCfg = Debug|Any CPU
		{9D4E2D7E-1E70-4024-85D0-28DEDEE8B50F}.Debug|Any CPU.Build.0 = Debug|Any CPU
		{9D4E2D7E-1E70-4024-85D0-28DEDEE8B50F}.Debug|x64.ActiveCfg = Debug|Any CPU
		{9D4E2D7E-1E70-4024-85D0-28DEDEE8B50F}.Debug|x64.Build.0 = Debug|Any CPU
		{9D4E2D7E-1E70-4024-85D0-28DEDEE8B50F}.Debug|x86.ActiveCfg = Debug|Any CPU
		{9D4E2D7E-1E70-4024-85D0-28DEDEE8B50F}.Debug|x86.Build.0 = Debug|Any CPU
		{9D4E2D7E-1E70-4024-85D0-28DEDEE8B50F}.Release|Any CPU.ActiveCfg = Release|Any CPU
		{9D4E2D7E-1E70-4024-85D0-28DEDEE8B50F}.Release|Any CPU.Build.0 = Release|Any CPU
		{9D4E2D7E-1E70-4024-85D0-28DEDEE8B50F}.Release|x64.ActiveCfg = Release|Any CPU
		{9D4E2D7E-1E70-4024-85D0-28DEDEE8B50F}.Release|x64.Build.0 = Release|Any CPU
		{9D4E2D7E-1E70-4024-85D0-28DEDEE8B50F}.Release|x86.ActiveCfg = Release|Any CPU
		{9D4E2D7E-1E70-4024-85D0-28DEDEE8B50F}.Release|x86.Build.0 = Release|Any CPU
		{11303F1E-B2CC-4A57-A038-567765E81243}.Debug|Any CPU.ActiveCfg = Debug|Any CPU
		{11303F1E-B2CC-4A57-A038-567765E81243}.Debug|Any CPU.Build.0 = Debug|Any CPU
		{11303F1E-B2CC-4A57-A038-567765E81243}.Debug|x64.ActiveCfg = Debug|Any CPU
		{11303F1E-B2CC-4A57-A038-567765E81243}.Debug|x64.Build.0 = Debug|Any CPU
		{11303F1E-B2CC-4A57-A038-567765E81243}.Debug|x86.ActiveCfg = Debug|Any CPU
		{11303F1E-B2CC-4A57-A038-567765E81243}.Debug|x86.Build.0 = Debug|Any CPU
		{11303F1E-B2CC-4A57-A038-567765E81243}.Release|Any CPU.ActiveCfg = Release|Any CPU
		{11303F1E-B2CC-4A57-A038-567765E81243}.Release|Any CPU.Build.0 = Release|Any CPU
		{11303F1E-B2CC-4A57-A038-567765E81243}.Release|x64.ActiveCfg = Release|Any CPU
		{11303F1E-B2CC-4A57-A038-567765E81243}.Release|x64.Build.0 = Release|Any CPU
		{11303F1E-B2CC-4A57-A038-567765E81243}.Release|x86.ActiveCfg = Release|Any CPU
		{11303F1E-B2CC-4A57-A038-567765E81243}.Release|x86.Build.0 = Release|Any CPU
		{36E889D9-B371-41D1-98DA-1FB53D929C3E}.Debug|Any CPU.ActiveCfg = Debug|Any CPU
		{36E889D9-B371-41D1-98DA-1FB53D929C3E}.Debug|Any CPU.Build.0 = Debug|Any CPU
		{36E889D9-B371-41D1-98DA-1FB53D929C3E}.Debug|x64.ActiveCfg = Debug|Any CPU
		{36E889D9-B371-41D1-98DA-1FB53D929C3E}.Debug|x64.Build.0 = Debug|Any CPU
		{36E889D9-B371-41D1-98DA-1FB53D929C3E}.Debug|x86.ActiveCfg = Debug|Any CPU
		{36E889D9-B371-41D1-98DA-1FB53D929C3E}.Debug|x86.Build.0 = Debug|Any CPU
		{36E889D9-B371-41D1-98DA-1FB53D929C3E}.Release|Any CPU.ActiveCfg = Release|Any CPU
		{36E889D9-B371-41D1-98DA-1FB53D929C3E}.Release|Any CPU.Build.0 = Release|Any CPU
		{36E889D9-B371-41D1-98DA-1FB53D929C3E}.Release|x64.ActiveCfg = Release|Any CPU
		{36E889D9-B371-41D1-98DA-1FB53D929C3E}.Release|x64.Build.0 = Release|Any CPU
		{36E889D9-B371-41D1-98DA-1FB53D929C3E}.Release|x86.ActiveCfg = Release|Any CPU
		{36E889D9-B371-41D1-98DA-1FB53D929C3E}.Release|x86.Build.0 = Release|Any CPU
		{09689F6A-B538-4B79-8562-FE9B6086A9C0}.Debug|Any CPU.ActiveCfg = Debug|Any CPU
		{09689F6A-B538-4B79-8562-FE9B6086A9C0}.Debug|Any CPU.Build.0 = Debug|Any CPU
		{09689F6A-B538-4B79-8562-FE9B6086A9C0}.Debug|x64.ActiveCfg = Debug|Any CPU
		{09689F6A-B538-4B79-8562-FE9B6086A9C0}.Debug|x64.Build.0 = Debug|Any CPU
		{09689F6A-B538-4B79-8562-FE9B6086A9C0}.Debug|x86.ActiveCfg = Debug|Any CPU
		{09689F6A-B538-4B79-8562-FE9B6086A9C0}.Debug|x86.Build.0 = Debug|Any CPU
		{09689F6A-B538-4B79-8562-FE9B6086A9C0}.Release|Any CPU.ActiveCfg = Release|Any CPU
		{09689F6A-B538-4B79-8562-FE9B6086A9C0}.Release|Any CPU.Build.0 = Release|Any CPU
		{09689F6A-B538-4B79-8562-FE9B6086A9C0}.Release|x64.ActiveCfg = Release|Any CPU
		{09689F6A-B538-4B79-8562-FE9B6086A9C0}.Release|x64.Build.0 = Release|Any CPU
		{09689F6A-B538-4B79-8562-FE9B6086A9C0}.Release|x86.ActiveCfg = Release|Any CPU
		{09689F6A-B538-4B79-8562-FE9B6086A9C0}.Release|x86.Build.0 = Release|Any CPU
		{7FD45C38-32A4-4DCF-9237-0A77BEA42DCC}.Debug|Any CPU.ActiveCfg = Debug|Any CPU
		{7FD45C38-32A4-4DCF-9237-0A77BEA42DCC}.Debug|Any CPU.Build.0 = Debug|Any CPU
		{7FD45C38-32A4-4DCF-9237-0A77BEA42DCC}.Debug|x64.ActiveCfg = Debug|Any CPU
		{7FD45C38-32A4-4DCF-9237-0A77BEA42DCC}.Debug|x64.Build.0 = Debug|Any CPU
		{7FD45C38-32A4-4DCF-9237-0A77BEA42DCC}.Debug|x86.ActiveCfg = Debug|Any CPU
		{7FD45C38-32A4-4DCF-9237-0A77BEA42DCC}.Debug|x86.Build.0 = Debug|Any CPU
		{7FD45C38-32A4-4DCF-9237-0A77BEA42DCC}.Release|Any CPU.ActiveCfg = Release|Any CPU
		{7FD45C38-32A4-4DCF-9237-0A77BEA42DCC}.Release|Any CPU.Build.0 = Release|Any CPU
		{7FD45C38-32A4-4DCF-9237-0A77BEA42DCC}.Release|x64.ActiveCfg = Release|Any CPU
		{7FD45C38-32A4-4DCF-9237-0A77BEA42DCC}.Release|x64.Build.0 = Release|Any CPU
		{7FD45C38-32A4-4DCF-9237-0A77BEA42DCC}.Release|x86.ActiveCfg = Release|Any CPU
		{7FD45C38-32A4-4DCF-9237-0A77BEA42DCC}.Release|x86.Build.0 = Release|Any CPU
		{796452A8-77D9-4EC7-85C7-3D1AE188ED26}.Debug|Any CPU.ActiveCfg = Debug|Any CPU
		{796452A8-77D9-4EC7-85C7-3D1AE188ED26}.Debug|Any CPU.Build.0 = Debug|Any CPU
		{796452A8-77D9-4EC7-85C7-3D1AE188ED26}.Debug|x64.ActiveCfg = Debug|Any CPU
		{796452A8-77D9-4EC7-85C7-3D1AE188ED26}.Debug|x64.Build.0 = Debug|Any CPU
		{796452A8-77D9-4EC7-85C7-3D1AE188ED26}.Debug|x86.ActiveCfg = Debug|Any CPU
		{796452A8-77D9-4EC7-85C7-3D1AE188ED26}.Debug|x86.Build.0 = Debug|Any CPU
		{796452A8-77D9-4EC7-85C7-3D1AE188ED26}.Release|Any CPU.ActiveCfg = Release|Any CPU
		{796452A8-77D9-4EC7-85C7-3D1AE188ED26}.Release|Any CPU.Build.0 = Release|Any CPU
		{796452A8-77D9-4EC7-85C7-3D1AE188ED26}.Release|x64.ActiveCfg = Release|Any CPU
		{796452A8-77D9-4EC7-85C7-3D1AE188ED26}.Release|x64.Build.0 = Release|Any CPU
		{796452A8-77D9-4EC7-85C7-3D1AE188ED26}.Release|x86.ActiveCfg = Release|Any CPU
		{796452A8-77D9-4EC7-85C7-3D1AE188ED26}.Release|x86.Build.0 = Release|Any CPU
		{FBDFEC63-CE92-4950-A6C5-00C4A6E121A7}.Debug|Any CPU.ActiveCfg = Debug|Any CPU
		{FBDFEC63-CE92-4950-A6C5-00C4A6E121A7}.Debug|Any CPU.Build.0 = Debug|Any CPU
		{FBDFEC63-CE92-4950-A6C5-00C4A6E121A7}.Debug|x64.ActiveCfg = Debug|Any CPU
		{FBDFEC63-CE92-4950-A6C5-00C4A6E121A7}.Debug|x64.Build.0 = Debug|Any CPU
		{FBDFEC63-CE92-4950-A6C5-00C4A6E121A7}.Debug|x86.ActiveCfg = Debug|Any CPU
		{FBDFEC63-CE92-4950-A6C5-00C4A6E121A7}.Debug|x86.Build.0 = Debug|Any CPU
		{FBDFEC63-CE92-4950-A6C5-00C4A6E121A7}.Release|Any CPU.ActiveCfg = Release|Any CPU
		{FBDFEC63-CE92-4950-A6C5-00C4A6E121A7}.Release|Any CPU.Build.0 = Release|Any CPU
		{FBDFEC63-CE92-4950-A6C5-00C4A6E121A7}.Release|x64.ActiveCfg = Release|Any CPU
		{FBDFEC63-CE92-4950-A6C5-00C4A6E121A7}.Release|x64.Build.0 = Release|Any CPU
		{FBDFEC63-CE92-4950-A6C5-00C4A6E121A7}.Release|x86.ActiveCfg = Release|Any CPU
		{FBDFEC63-CE92-4950-A6C5-00C4A6E121A7}.Release|x86.Build.0 = Release|Any CPU
		{81B1C2ED-A40E-40EF-A3CD-B6B4E521CF24}.Debug|Any CPU.ActiveCfg = Debug|Any CPU
		{81B1C2ED-A40E-40EF-A3CD-B6B4E521CF24}.Debug|Any CPU.Build.0 = Debug|Any CPU
		{81B1C2ED-A40E-40EF-A3CD-B6B4E521CF24}.Debug|x64.ActiveCfg = Debug|Any CPU
		{81B1C2ED-A40E-40EF-A3CD-B6B4E521CF24}.Debug|x64.Build.0 = Debug|Any CPU
		{81B1C2ED-A40E-40EF-A3CD-B6B4E521CF24}.Debug|x86.ActiveCfg = Debug|Any CPU
		{81B1C2ED-A40E-40EF-A3CD-B6B4E521CF24}.Debug|x86.Build.0 = Debug|Any CPU
		{81B1C2ED-A40E-40EF-A3CD-B6B4E521CF24}.Release|Any CPU.ActiveCfg = Release|Any CPU
		{81B1C2ED-A40E-40EF-A3CD-B6B4E521CF24}.Release|Any CPU.Build.0 = Release|Any CPU
		{81B1C2ED-A40E-40EF-A3CD-B6B4E521CF24}.Release|x64.ActiveCfg = Release|Any CPU
		{81B1C2ED-A40E-40EF-A3CD-B6B4E521CF24}.Release|x64.Build.0 = Release|Any CPU
		{81B1C2ED-A40E-40EF-A3CD-B6B4E521CF24}.Release|x86.ActiveCfg = Release|Any CPU
		{81B1C2ED-A40E-40EF-A3CD-B6B4E521CF24}.Release|x86.Build.0 = Release|Any CPU
		{43866F20-4AA2-4CED-9701-319A8DE88487}.Debug|Any CPU.ActiveCfg = Debug|Any CPU
		{43866F20-4AA2-4CED-9701-319A8DE88487}.Debug|Any CPU.Build.0 = Debug|Any CPU
		{43866F20-4AA2-4CED-9701-319A8DE88487}.Debug|x64.ActiveCfg = Debug|Any CPU
		{43866F20-4AA2-4CED-9701-319A8DE88487}.Debug|x64.Build.0 = Debug|Any CPU
		{43866F20-4AA2-4CED-9701-319A8DE88487}.Debug|x86.ActiveCfg = Debug|Any CPU
		{43866F20-4AA2-4CED-9701-319A8DE88487}.Debug|x86.Build.0 = Debug|Any CPU
		{43866F20-4AA2-4CED-9701-319A8DE88487}.Release|Any CPU.ActiveCfg = Release|Any CPU
		{43866F20-4AA2-4CED-9701-319A8DE88487}.Release|Any CPU.Build.0 = Release|Any CPU
		{43866F20-4AA2-4CED-9701-319A8DE88487}.Release|x64.ActiveCfg = Release|Any CPU
		{43866F20-4AA2-4CED-9701-319A8DE88487}.Release|x64.Build.0 = Release|Any CPU
		{43866F20-4AA2-4CED-9701-319A8DE88487}.Release|x86.ActiveCfg = Release|Any CPU
		{43866F20-4AA2-4CED-9701-319A8DE88487}.Release|x86.Build.0 = Release|Any CPU
		{8E979C0F-EB6A-4030-82E5-C3F8B16027AD}.Debug|Any CPU.ActiveCfg = Debug|Any CPU
		{8E979C0F-EB6A-4030-82E5-C3F8B16027AD}.Debug|Any CPU.Build.0 = Debug|Any CPU
		{8E979C0F-EB6A-4030-82E5-C3F8B16027AD}.Debug|x64.ActiveCfg = Debug|Any CPU
		{8E979C0F-EB6A-4030-82E5-C3F8B16027AD}.Debug|x64.Build.0 = Debug|Any CPU
		{8E979C0F-EB6A-4030-82E5-C3F8B16027AD}.Debug|x86.ActiveCfg = Debug|Any CPU
		{8E979C0F-EB6A-4030-82E5-C3F8B16027AD}.Debug|x86.Build.0 = Debug|Any CPU
		{8E979C0F-EB6A-4030-82E5-C3F8B16027AD}.Release|Any CPU.ActiveCfg = Release|Any CPU
		{8E979C0F-EB6A-4030-82E5-C3F8B16027AD}.Release|Any CPU.Build.0 = Release|Any CPU
		{8E979C0F-EB6A-4030-82E5-C3F8B16027AD}.Release|x64.ActiveCfg = Release|Any CPU
		{8E979C0F-EB6A-4030-82E5-C3F8B16027AD}.Release|x64.Build.0 = Release|Any CPU
		{8E979C0F-EB6A-4030-82E5-C3F8B16027AD}.Release|x86.ActiveCfg = Release|Any CPU
		{8E979C0F-EB6A-4030-82E5-C3F8B16027AD}.Release|x86.Build.0 = Release|Any CPU
		{82B7C229-ACF4-4F2F-9C26-62DA8AE56785}.Debug|Any CPU.ActiveCfg = Debug|Any CPU
		{82B7C229-ACF4-4F2F-9C26-62DA8AE56785}.Debug|Any CPU.Build.0 = Debug|Any CPU
		{82B7C229-ACF4-4F2F-9C26-62DA8AE56785}.Debug|x64.ActiveCfg = Debug|Any CPU
		{82B7C229-ACF4-4F2F-9C26-62DA8AE56785}.Debug|x64.Build.0 = Debug|Any CPU
		{82B7C229-ACF4-4F2F-9C26-62DA8AE56785}.Debug|x86.ActiveCfg = Debug|Any CPU
		{82B7C229-ACF4-4F2F-9C26-62DA8AE56785}.Debug|x86.Build.0 = Debug|Any CPU
		{82B7C229-ACF4-4F2F-9C26-62DA8AE56785}.Release|Any CPU.ActiveCfg = Release|Any CPU
		{82B7C229-ACF4-4F2F-9C26-62DA8AE56785}.Release|Any CPU.Build.0 = Release|Any CPU
		{82B7C229-ACF4-4F2F-9C26-62DA8AE56785}.Release|x64.ActiveCfg = Release|Any CPU
		{82B7C229-ACF4-4F2F-9C26-62DA8AE56785}.Release|x64.Build.0 = Release|Any CPU
		{82B7C229-ACF4-4F2F-9C26-62DA8AE56785}.Release|x86.ActiveCfg = Release|Any CPU
		{82B7C229-ACF4-4F2F-9C26-62DA8AE56785}.Release|x86.Build.0 = Release|Any CPU
		{B16CAC75-B314-477D-81E3-42F8E3447180}.Debug|Any CPU.ActiveCfg = Debug|Any CPU
		{B16CAC75-B314-477D-81E3-42F8E3447180}.Debug|Any CPU.Build.0 = Debug|Any CPU
		{B16CAC75-B314-477D-81E3-42F8E3447180}.Debug|x64.ActiveCfg = Debug|Any CPU
		{B16CAC75-B314-477D-81E3-42F8E3447180}.Debug|x64.Build.0 = Debug|Any CPU
		{B16CAC75-B314-477D-81E3-42F8E3447180}.Debug|x86.ActiveCfg = Debug|Any CPU
		{B16CAC75-B314-477D-81E3-42F8E3447180}.Debug|x86.Build.0 = Debug|Any CPU
		{B16CAC75-B314-477D-81E3-42F8E3447180}.Release|Any CPU.ActiveCfg = Release|Any CPU
		{B16CAC75-B314-477D-81E3-42F8E3447180}.Release|Any CPU.Build.0 = Release|Any CPU
		{B16CAC75-B314-477D-81E3-42F8E3447180}.Release|x64.ActiveCfg = Release|Any CPU
		{B16CAC75-B314-477D-81E3-42F8E3447180}.Release|x64.Build.0 = Release|Any CPU
		{B16CAC75-B314-477D-81E3-42F8E3447180}.Release|x86.ActiveCfg = Release|Any CPU
		{B16CAC75-B314-477D-81E3-42F8E3447180}.Release|x86.Build.0 = Release|Any CPU
		{98CA2671-AF61-4345-A644-2A4CFD615581}.Debug|Any CPU.ActiveCfg = Debug|Any CPU
		{98CA2671-AF61-4345-A644-2A4CFD615581}.Debug|Any CPU.Build.0 = Debug|Any CPU
		{98CA2671-AF61-4345-A644-2A4CFD615581}.Debug|x64.ActiveCfg = Debug|Any CPU
		{98CA2671-AF61-4345-A644-2A4CFD615581}.Debug|x64.Build.0 = Debug|Any CPU
		{98CA2671-AF61-4345-A644-2A4CFD615581}.Debug|x86.ActiveCfg = Debug|Any CPU
		{98CA2671-AF61-4345-A644-2A4CFD615581}.Debug|x86.Build.0 = Debug|Any CPU
		{98CA2671-AF61-4345-A644-2A4CFD615581}.Release|Any CPU.ActiveCfg = Release|Any CPU
		{98CA2671-AF61-4345-A644-2A4CFD615581}.Release|Any CPU.Build.0 = Release|Any CPU
		{98CA2671-AF61-4345-A644-2A4CFD615581}.Release|x64.ActiveCfg = Release|Any CPU
		{98CA2671-AF61-4345-A644-2A4CFD615581}.Release|x64.Build.0 = Release|Any CPU
		{98CA2671-AF61-4345-A644-2A4CFD615581}.Release|x86.ActiveCfg = Release|Any CPU
		{98CA2671-AF61-4345-A644-2A4CFD615581}.Release|x86.Build.0 = Release|Any CPU
		{2BF0FFDD-7700-47CC-B31B-E7C56991E5B3}.Debug|Any CPU.ActiveCfg = Debug|Any CPU
		{2BF0FFDD-7700-47CC-B31B-E7C56991E5B3}.Debug|Any CPU.Build.0 = Debug|Any CPU
		{2BF0FFDD-7700-47CC-B31B-E7C56991E5B3}.Debug|x64.ActiveCfg = Debug|Any CPU
		{2BF0FFDD-7700-47CC-B31B-E7C56991E5B3}.Debug|x64.Build.0 = Debug|Any CPU
		{2BF0FFDD-7700-47CC-B31B-E7C56991E5B3}.Debug|x86.ActiveCfg = Debug|Any CPU
		{2BF0FFDD-7700-47CC-B31B-E7C56991E5B3}.Debug|x86.Build.0 = Debug|Any CPU
		{2BF0FFDD-7700-47CC-B31B-E7C56991E5B3}.Release|Any CPU.ActiveCfg = Release|Any CPU
		{2BF0FFDD-7700-47CC-B31B-E7C56991E5B3}.Release|Any CPU.Build.0 = Release|Any CPU
		{2BF0FFDD-7700-47CC-B31B-E7C56991E5B3}.Release|x64.ActiveCfg = Release|Any CPU
		{2BF0FFDD-7700-47CC-B31B-E7C56991E5B3}.Release|x64.Build.0 = Release|Any CPU
		{2BF0FFDD-7700-47CC-B31B-E7C56991E5B3}.Release|x86.ActiveCfg = Release|Any CPU
		{2BF0FFDD-7700-47CC-B31B-E7C56991E5B3}.Release|x86.Build.0 = Release|Any CPU
		{DD035730-50BF-4B66-AA6A-430B1CD2D466}.Debug|Any CPU.ActiveCfg = Debug|Any CPU
		{DD035730-50BF-4B66-AA6A-430B1CD2D466}.Debug|Any CPU.Build.0 = Debug|Any CPU
		{DD035730-50BF-4B66-AA6A-430B1CD2D466}.Debug|x64.ActiveCfg = Debug|Any CPU
		{DD035730-50BF-4B66-AA6A-430B1CD2D466}.Debug|x64.Build.0 = Debug|Any CPU
		{DD035730-50BF-4B66-AA6A-430B1CD2D466}.Debug|x86.ActiveCfg = Debug|Any CPU
		{DD035730-50BF-4B66-AA6A-430B1CD2D466}.Debug|x86.Build.0 = Debug|Any CPU
		{DD035730-50BF-4B66-AA6A-430B1CD2D466}.Release|Any CPU.ActiveCfg = Release|Any CPU
		{DD035730-50BF-4B66-AA6A-430B1CD2D466}.Release|Any CPU.Build.0 = Release|Any CPU
		{DD035730-50BF-4B66-AA6A-430B1CD2D466}.Release|x64.ActiveCfg = Release|Any CPU
		{DD035730-50BF-4B66-AA6A-430B1CD2D466}.Release|x64.Build.0 = Release|Any CPU
		{DD035730-50BF-4B66-AA6A-430B1CD2D466}.Release|x86.ActiveCfg = Release|Any CPU
		{DD035730-50BF-4B66-AA6A-430B1CD2D466}.Release|x86.Build.0 = Release|Any CPU
		{BB60210D-5B10-4BAF-9129-45513776BDF2}.Debug|Any CPU.ActiveCfg = Debug|Any CPU
		{BB60210D-5B10-4BAF-9129-45513776BDF2}.Debug|Any CPU.Build.0 = Debug|Any CPU
		{BB60210D-5B10-4BAF-9129-45513776BDF2}.Debug|x64.ActiveCfg = Debug|Any CPU
		{BB60210D-5B10-4BAF-9129-45513776BDF2}.Debug|x64.Build.0 = Debug|Any CPU
		{BB60210D-5B10-4BAF-9129-45513776BDF2}.Debug|x86.ActiveCfg = Debug|Any CPU
		{BB60210D-5B10-4BAF-9129-45513776BDF2}.Debug|x86.Build.0 = Debug|Any CPU
		{BB60210D-5B10-4BAF-9129-45513776BDF2}.Release|Any CPU.ActiveCfg = Release|Any CPU
		{BB60210D-5B10-4BAF-9129-45513776BDF2}.Release|Any CPU.Build.0 = Release|Any CPU
		{BB60210D-5B10-4BAF-9129-45513776BDF2}.Release|x64.ActiveCfg = Release|Any CPU
		{BB60210D-5B10-4BAF-9129-45513776BDF2}.Release|x64.Build.0 = Release|Any CPU
		{BB60210D-5B10-4BAF-9129-45513776BDF2}.Release|x86.ActiveCfg = Release|Any CPU
		{BB60210D-5B10-4BAF-9129-45513776BDF2}.Release|x86.Build.0 = Release|Any CPU
		{14A8174B-5068-4542-944C-E6D9235A95BA}.Debug|Any CPU.ActiveCfg = Debug|Any CPU
		{14A8174B-5068-4542-944C-E6D9235A95BA}.Debug|Any CPU.Build.0 = Debug|Any CPU
		{14A8174B-5068-4542-944C-E6D9235A95BA}.Debug|x64.ActiveCfg = Debug|Any CPU
		{14A8174B-5068-4542-944C-E6D9235A95BA}.Debug|x64.Build.0 = Debug|Any CPU
		{14A8174B-5068-4542-944C-E6D9235A95BA}.Debug|x86.ActiveCfg = Debug|Any CPU
		{14A8174B-5068-4542-944C-E6D9235A95BA}.Debug|x86.Build.0 = Debug|Any CPU
		{14A8174B-5068-4542-944C-E6D9235A95BA}.Release|Any CPU.ActiveCfg = Release|Any CPU
		{14A8174B-5068-4542-944C-E6D9235A95BA}.Release|Any CPU.Build.0 = Release|Any CPU
		{14A8174B-5068-4542-944C-E6D9235A95BA}.Release|x64.ActiveCfg = Release|Any CPU
		{14A8174B-5068-4542-944C-E6D9235A95BA}.Release|x64.Build.0 = Release|Any CPU
		{14A8174B-5068-4542-944C-E6D9235A95BA}.Release|x86.ActiveCfg = Release|Any CPU
		{14A8174B-5068-4542-944C-E6D9235A95BA}.Release|x86.Build.0 = Release|Any CPU
		{CBC7AE29-18F6-4CD6-8D75-A6CBD52170CF}.Debug|Any CPU.ActiveCfg = Debug|Any CPU
		{CBC7AE29-18F6-4CD6-8D75-A6CBD52170CF}.Debug|Any CPU.Build.0 = Debug|Any CPU
		{CBC7AE29-18F6-4CD6-8D75-A6CBD52170CF}.Debug|x64.ActiveCfg = Debug|Any CPU
		{CBC7AE29-18F6-4CD6-8D75-A6CBD52170CF}.Debug|x64.Build.0 = Debug|Any CPU
		{CBC7AE29-18F6-4CD6-8D75-A6CBD52170CF}.Debug|x86.ActiveCfg = Debug|Any CPU
		{CBC7AE29-18F6-4CD6-8D75-A6CBD52170CF}.Debug|x86.Build.0 = Debug|Any CPU
		{CBC7AE29-18F6-4CD6-8D75-A6CBD52170CF}.Release|Any CPU.ActiveCfg = Release|Any CPU
		{CBC7AE29-18F6-4CD6-8D75-A6CBD52170CF}.Release|Any CPU.Build.0 = Release|Any CPU
		{CBC7AE29-18F6-4CD6-8D75-A6CBD52170CF}.Release|x64.ActiveCfg = Release|Any CPU
		{CBC7AE29-18F6-4CD6-8D75-A6CBD52170CF}.Release|x64.Build.0 = Release|Any CPU
		{CBC7AE29-18F6-4CD6-8D75-A6CBD52170CF}.Release|x86.ActiveCfg = Release|Any CPU
		{CBC7AE29-18F6-4CD6-8D75-A6CBD52170CF}.Release|x86.Build.0 = Release|Any CPU
		{63100B2C-2939-4FF5-97C9-71659732BED6}.Debug|Any CPU.ActiveCfg = Debug|Any CPU
		{63100B2C-2939-4FF5-97C9-71659732BED6}.Debug|Any CPU.Build.0 = Debug|Any CPU
		{63100B2C-2939-4FF5-97C9-71659732BED6}.Debug|x64.ActiveCfg = Debug|Any CPU
		{63100B2C-2939-4FF5-97C9-71659732BED6}.Debug|x64.Build.0 = Debug|Any CPU
		{63100B2C-2939-4FF5-97C9-71659732BED6}.Debug|x86.ActiveCfg = Debug|Any CPU
		{63100B2C-2939-4FF5-97C9-71659732BED6}.Debug|x86.Build.0 = Debug|Any CPU
		{63100B2C-2939-4FF5-97C9-71659732BED6}.Release|Any CPU.ActiveCfg = Release|Any CPU
		{63100B2C-2939-4FF5-97C9-71659732BED6}.Release|Any CPU.Build.0 = Release|Any CPU
		{63100B2C-2939-4FF5-97C9-71659732BED6}.Release|x64.ActiveCfg = Release|Any CPU
		{63100B2C-2939-4FF5-97C9-71659732BED6}.Release|x64.Build.0 = Release|Any CPU
		{63100B2C-2939-4FF5-97C9-71659732BED6}.Release|x86.ActiveCfg = Release|Any CPU
		{63100B2C-2939-4FF5-97C9-71659732BED6}.Release|x86.Build.0 = Release|Any CPU
		{3B4BACA8-B7D4-4D09-BA31-5A3945BE0850}.Debug|Any CPU.ActiveCfg = Debug|Any CPU
		{3B4BACA8-B7D4-4D09-BA31-5A3945BE0850}.Debug|Any CPU.Build.0 = Debug|Any CPU
		{3B4BACA8-B7D4-4D09-BA31-5A3945BE0850}.Debug|x64.ActiveCfg = Debug|Any CPU
		{3B4BACA8-B7D4-4D09-BA31-5A3945BE0850}.Debug|x64.Build.0 = Debug|Any CPU
		{3B4BACA8-B7D4-4D09-BA31-5A3945BE0850}.Debug|x86.ActiveCfg = Debug|Any CPU
		{3B4BACA8-B7D4-4D09-BA31-5A3945BE0850}.Debug|x86.Build.0 = Debug|Any CPU
		{3B4BACA8-B7D4-4D09-BA31-5A3945BE0850}.Release|Any CPU.ActiveCfg = Release|Any CPU
		{3B4BACA8-B7D4-4D09-BA31-5A3945BE0850}.Release|Any CPU.Build.0 = Release|Any CPU
		{3B4BACA8-B7D4-4D09-BA31-5A3945BE0850}.Release|x64.ActiveCfg = Release|Any CPU
		{3B4BACA8-B7D4-4D09-BA31-5A3945BE0850}.Release|x64.Build.0 = Release|Any CPU
		{3B4BACA8-B7D4-4D09-BA31-5A3945BE0850}.Release|x86.ActiveCfg = Release|Any CPU
		{3B4BACA8-B7D4-4D09-BA31-5A3945BE0850}.Release|x86.Build.0 = Release|Any CPU
		{D201CB3E-3C33-4DAB-B953-30CAD07B80EA}.Debug|Any CPU.ActiveCfg = Debug|Any CPU
		{D201CB3E-3C33-4DAB-B953-30CAD07B80EA}.Debug|Any CPU.Build.0 = Debug|Any CPU
		{D201CB3E-3C33-4DAB-B953-30CAD07B80EA}.Debug|x64.ActiveCfg = Debug|Any CPU
		{D201CB3E-3C33-4DAB-B953-30CAD07B80EA}.Debug|x64.Build.0 = Debug|Any CPU
		{D201CB3E-3C33-4DAB-B953-30CAD07B80EA}.Debug|x86.ActiveCfg = Debug|Any CPU
		{D201CB3E-3C33-4DAB-B953-30CAD07B80EA}.Debug|x86.Build.0 = Debug|Any CPU
		{D201CB3E-3C33-4DAB-B953-30CAD07B80EA}.Release|Any CPU.ActiveCfg = Release|Any CPU
		{D201CB3E-3C33-4DAB-B953-30CAD07B80EA}.Release|Any CPU.Build.0 = Release|Any CPU
		{D201CB3E-3C33-4DAB-B953-30CAD07B80EA}.Release|x64.ActiveCfg = Release|Any CPU
		{D201CB3E-3C33-4DAB-B953-30CAD07B80EA}.Release|x64.Build.0 = Release|Any CPU
		{D201CB3E-3C33-4DAB-B953-30CAD07B80EA}.Release|x86.ActiveCfg = Release|Any CPU
		{D201CB3E-3C33-4DAB-B953-30CAD07B80EA}.Release|x86.Build.0 = Release|Any CPU
		{DDE903B5-A1DA-48D9-A37D-F499024300C3}.Debug|Any CPU.ActiveCfg = Debug|Any CPU
		{DDE903B5-A1DA-48D9-A37D-F499024300C3}.Debug|Any CPU.Build.0 = Debug|Any CPU
		{DDE903B5-A1DA-48D9-A37D-F499024300C3}.Debug|x64.ActiveCfg = Debug|Any CPU
		{DDE903B5-A1DA-48D9-A37D-F499024300C3}.Debug|x64.Build.0 = Debug|Any CPU
		{DDE903B5-A1DA-48D9-A37D-F499024300C3}.Debug|x86.ActiveCfg = Debug|Any CPU
		{DDE903B5-A1DA-48D9-A37D-F499024300C3}.Debug|x86.Build.0 = Debug|Any CPU
		{DDE903B5-A1DA-48D9-A37D-F499024300C3}.Release|Any CPU.ActiveCfg = Release|Any CPU
		{DDE903B5-A1DA-48D9-A37D-F499024300C3}.Release|Any CPU.Build.0 = Release|Any CPU
		{DDE903B5-A1DA-48D9-A37D-F499024300C3}.Release|x64.ActiveCfg = Release|Any CPU
		{DDE903B5-A1DA-48D9-A37D-F499024300C3}.Release|x64.Build.0 = Release|Any CPU
		{DDE903B5-A1DA-48D9-A37D-F499024300C3}.Release|x86.ActiveCfg = Release|Any CPU
		{DDE903B5-A1DA-48D9-A37D-F499024300C3}.Release|x86.Build.0 = Release|Any CPU
		{6A389724-FF6F-4E2D-8003-4738F1FD0966}.Debug|Any CPU.ActiveCfg = Debug|Any CPU
		{6A389724-FF6F-4E2D-8003-4738F1FD0966}.Debug|Any CPU.Build.0 = Debug|Any CPU
		{6A389724-FF6F-4E2D-8003-4738F1FD0966}.Debug|x64.ActiveCfg = Debug|Any CPU
		{6A389724-FF6F-4E2D-8003-4738F1FD0966}.Debug|x64.Build.0 = Debug|Any CPU
		{6A389724-FF6F-4E2D-8003-4738F1FD0966}.Debug|x86.ActiveCfg = Debug|Any CPU
		{6A389724-FF6F-4E2D-8003-4738F1FD0966}.Debug|x86.Build.0 = Debug|Any CPU
		{6A389724-FF6F-4E2D-8003-4738F1FD0966}.Release|Any CPU.ActiveCfg = Release|Any CPU
		{6A389724-FF6F-4E2D-8003-4738F1FD0966}.Release|Any CPU.Build.0 = Release|Any CPU
		{6A389724-FF6F-4E2D-8003-4738F1FD0966}.Release|x64.ActiveCfg = Release|Any CPU
		{6A389724-FF6F-4E2D-8003-4738F1FD0966}.Release|x64.Build.0 = Release|Any CPU
		{6A389724-FF6F-4E2D-8003-4738F1FD0966}.Release|x86.ActiveCfg = Release|Any CPU
		{6A389724-FF6F-4E2D-8003-4738F1FD0966}.Release|x86.Build.0 = Release|Any CPU
		{F4401426-8672-486C-B7A6-8DC6EDD045F1}.Debug|Any CPU.ActiveCfg = Debug|Any CPU
		{F4401426-8672-486C-B7A6-8DC6EDD045F1}.Debug|Any CPU.Build.0 = Debug|Any CPU
		{F4401426-8672-486C-B7A6-8DC6EDD045F1}.Debug|x64.ActiveCfg = Debug|Any CPU
		{F4401426-8672-486C-B7A6-8DC6EDD045F1}.Debug|x64.Build.0 = Debug|Any CPU
		{F4401426-8672-486C-B7A6-8DC6EDD045F1}.Debug|x86.ActiveCfg = Debug|Any CPU
		{F4401426-8672-486C-B7A6-8DC6EDD045F1}.Debug|x86.Build.0 = Debug|Any CPU
		{F4401426-8672-486C-B7A6-8DC6EDD045F1}.Release|Any CPU.ActiveCfg = Release|Any CPU
		{F4401426-8672-486C-B7A6-8DC6EDD045F1}.Release|Any CPU.Build.0 = Release|Any CPU
		{F4401426-8672-486C-B7A6-8DC6EDD045F1}.Release|x64.ActiveCfg = Release|Any CPU
		{F4401426-8672-486C-B7A6-8DC6EDD045F1}.Release|x64.Build.0 = Release|Any CPU
		{F4401426-8672-486C-B7A6-8DC6EDD045F1}.Release|x86.ActiveCfg = Release|Any CPU
		{F4401426-8672-486C-B7A6-8DC6EDD045F1}.Release|x86.Build.0 = Release|Any CPU
		{6F2E3843-F1F8-4EDA-B791-2A8252AAE25C}.Debug|Any CPU.ActiveCfg = Debug|Any CPU
		{6F2E3843-F1F8-4EDA-B791-2A8252AAE25C}.Debug|Any CPU.Build.0 = Debug|Any CPU
		{6F2E3843-F1F8-4EDA-B791-2A8252AAE25C}.Debug|x64.ActiveCfg = Debug|Any CPU
		{6F2E3843-F1F8-4EDA-B791-2A8252AAE25C}.Debug|x64.Build.0 = Debug|Any CPU
		{6F2E3843-F1F8-4EDA-B791-2A8252AAE25C}.Debug|x86.ActiveCfg = Debug|Any CPU
		{6F2E3843-F1F8-4EDA-B791-2A8252AAE25C}.Debug|x86.Build.0 = Debug|Any CPU
		{6F2E3843-F1F8-4EDA-B791-2A8252AAE25C}.Release|Any CPU.ActiveCfg = Release|Any CPU
		{6F2E3843-F1F8-4EDA-B791-2A8252AAE25C}.Release|Any CPU.Build.0 = Release|Any CPU
		{6F2E3843-F1F8-4EDA-B791-2A8252AAE25C}.Release|x64.ActiveCfg = Release|Any CPU
		{6F2E3843-F1F8-4EDA-B791-2A8252AAE25C}.Release|x64.Build.0 = Release|Any CPU
		{6F2E3843-F1F8-4EDA-B791-2A8252AAE25C}.Release|x86.ActiveCfg = Release|Any CPU
		{6F2E3843-F1F8-4EDA-B791-2A8252AAE25C}.Release|x86.Build.0 = Release|Any CPU
		{1BFC54F9-BCE2-4D12-AEDA-00CFFE323CC0}.Debug|Any CPU.ActiveCfg = Debug|Any CPU
		{1BFC54F9-BCE2-4D12-AEDA-00CFFE323CC0}.Debug|Any CPU.Build.0 = Debug|Any CPU
		{1BFC54F9-BCE2-4D12-AEDA-00CFFE323CC0}.Debug|x64.ActiveCfg = Debug|Any CPU
		{1BFC54F9-BCE2-4D12-AEDA-00CFFE323CC0}.Debug|x64.Build.0 = Debug|Any CPU
		{1BFC54F9-BCE2-4D12-AEDA-00CFFE323CC0}.Debug|x86.ActiveCfg = Debug|Any CPU
		{1BFC54F9-BCE2-4D12-AEDA-00CFFE323CC0}.Debug|x86.Build.0 = Debug|Any CPU
		{1BFC54F9-BCE2-4D12-AEDA-00CFFE323CC0}.Release|Any CPU.ActiveCfg = Release|Any CPU
		{1BFC54F9-BCE2-4D12-AEDA-00CFFE323CC0}.Release|Any CPU.Build.0 = Release|Any CPU
		{1BFC54F9-BCE2-4D12-AEDA-00CFFE323CC0}.Release|x64.ActiveCfg = Release|Any CPU
		{1BFC54F9-BCE2-4D12-AEDA-00CFFE323CC0}.Release|x64.Build.0 = Release|Any CPU
		{1BFC54F9-BCE2-4D12-AEDA-00CFFE323CC0}.Release|x86.ActiveCfg = Release|Any CPU
		{1BFC54F9-BCE2-4D12-AEDA-00CFFE323CC0}.Release|x86.Build.0 = Release|Any CPU
		{2B484E11-C929-4F23-9464-EED138AB1CAE}.Debug|Any CPU.ActiveCfg = Debug|Any CPU
		{2B484E11-C929-4F23-9464-EED138AB1CAE}.Debug|Any CPU.Build.0 = Debug|Any CPU
		{2B484E11-C929-4F23-9464-EED138AB1CAE}.Debug|x64.ActiveCfg = Debug|Any CPU
		{2B484E11-C929-4F23-9464-EED138AB1CAE}.Debug|x64.Build.0 = Debug|Any CPU
		{2B484E11-C929-4F23-9464-EED138AB1CAE}.Debug|x86.ActiveCfg = Debug|Any CPU
		{2B484E11-C929-4F23-9464-EED138AB1CAE}.Debug|x86.Build.0 = Debug|Any CPU
		{2B484E11-C929-4F23-9464-EED138AB1CAE}.Release|Any CPU.ActiveCfg = Release|Any CPU
		{2B484E11-C929-4F23-9464-EED138AB1CAE}.Release|Any CPU.Build.0 = Release|Any CPU
		{2B484E11-C929-4F23-9464-EED138AB1CAE}.Release|x64.ActiveCfg = Release|Any CPU
		{2B484E11-C929-4F23-9464-EED138AB1CAE}.Release|x64.Build.0 = Release|Any CPU
		{2B484E11-C929-4F23-9464-EED138AB1CAE}.Release|x86.ActiveCfg = Release|Any CPU
		{2B484E11-C929-4F23-9464-EED138AB1CAE}.Release|x86.Build.0 = Release|Any CPU
		{5371386F-75CF-4FA6-A397-EC13E0F5A82C}.Debug|Any CPU.ActiveCfg = Debug|Any CPU
		{5371386F-75CF-4FA6-A397-EC13E0F5A82C}.Debug|Any CPU.Build.0 = Debug|Any CPU
		{5371386F-75CF-4FA6-A397-EC13E0F5A82C}.Debug|x64.ActiveCfg = Debug|Any CPU
		{5371386F-75CF-4FA6-A397-EC13E0F5A82C}.Debug|x64.Build.0 = Debug|Any CPU
		{5371386F-75CF-4FA6-A397-EC13E0F5A82C}.Debug|x86.ActiveCfg = Debug|Any CPU
		{5371386F-75CF-4FA6-A397-EC13E0F5A82C}.Debug|x86.Build.0 = Debug|Any CPU
		{5371386F-75CF-4FA6-A397-EC13E0F5A82C}.Release|Any CPU.ActiveCfg = Release|Any CPU
		{5371386F-75CF-4FA6-A397-EC13E0F5A82C}.Release|Any CPU.Build.0 = Release|Any CPU
		{5371386F-75CF-4FA6-A397-EC13E0F5A82C}.Release|x64.ActiveCfg = Release|Any CPU
		{5371386F-75CF-4FA6-A397-EC13E0F5A82C}.Release|x64.Build.0 = Release|Any CPU
		{5371386F-75CF-4FA6-A397-EC13E0F5A82C}.Release|x86.ActiveCfg = Release|Any CPU
		{5371386F-75CF-4FA6-A397-EC13E0F5A82C}.Release|x86.Build.0 = Release|Any CPU
		{16B90984-7F06-4DE4-AC42-A490B79DE7C5}.Debug|Any CPU.ActiveCfg = Debug|Any CPU
		{16B90984-7F06-4DE4-AC42-A490B79DE7C5}.Debug|Any CPU.Build.0 = Debug|Any CPU
		{16B90984-7F06-4DE4-AC42-A490B79DE7C5}.Debug|x64.ActiveCfg = Debug|Any CPU
		{16B90984-7F06-4DE4-AC42-A490B79DE7C5}.Debug|x64.Build.0 = Debug|Any CPU
		{16B90984-7F06-4DE4-AC42-A490B79DE7C5}.Debug|x86.ActiveCfg = Debug|Any CPU
		{16B90984-7F06-4DE4-AC42-A490B79DE7C5}.Debug|x86.Build.0 = Debug|Any CPU
		{16B90984-7F06-4DE4-AC42-A490B79DE7C5}.Release|Any CPU.ActiveCfg = Release|Any CPU
		{16B90984-7F06-4DE4-AC42-A490B79DE7C5}.Release|Any CPU.Build.0 = Release|Any CPU
		{16B90984-7F06-4DE4-AC42-A490B79DE7C5}.Release|x64.ActiveCfg = Release|Any CPU
		{16B90984-7F06-4DE4-AC42-A490B79DE7C5}.Release|x64.Build.0 = Release|Any CPU
		{16B90984-7F06-4DE4-AC42-A490B79DE7C5}.Release|x86.ActiveCfg = Release|Any CPU
		{16B90984-7F06-4DE4-AC42-A490B79DE7C5}.Release|x86.Build.0 = Release|Any CPU
		{5EB1FA4D-AB99-4F40-8C2B-80C69C2337F8}.Debug|Any CPU.ActiveCfg = Debug|Any CPU
		{5EB1FA4D-AB99-4F40-8C2B-80C69C2337F8}.Debug|Any CPU.Build.0 = Debug|Any CPU
		{5EB1FA4D-AB99-4F40-8C2B-80C69C2337F8}.Debug|x64.ActiveCfg = Debug|Any CPU
		{5EB1FA4D-AB99-4F40-8C2B-80C69C2337F8}.Debug|x64.Build.0 = Debug|Any CPU
		{5EB1FA4D-AB99-4F40-8C2B-80C69C2337F8}.Debug|x86.ActiveCfg = Debug|Any CPU
		{5EB1FA4D-AB99-4F40-8C2B-80C69C2337F8}.Debug|x86.Build.0 = Debug|Any CPU
		{5EB1FA4D-AB99-4F40-8C2B-80C69C2337F8}.Release|Any CPU.ActiveCfg = Release|Any CPU
		{5EB1FA4D-AB99-4F40-8C2B-80C69C2337F8}.Release|Any CPU.Build.0 = Release|Any CPU
		{5EB1FA4D-AB99-4F40-8C2B-80C69C2337F8}.Release|x64.ActiveCfg = Release|Any CPU
		{5EB1FA4D-AB99-4F40-8C2B-80C69C2337F8}.Release|x64.Build.0 = Release|Any CPU
		{5EB1FA4D-AB99-4F40-8C2B-80C69C2337F8}.Release|x86.ActiveCfg = Release|Any CPU
		{5EB1FA4D-AB99-4F40-8C2B-80C69C2337F8}.Release|x86.Build.0 = Release|Any CPU
		{A5D3FD65-C558-4068-8486-15D9A3F8B7D6}.Debug|Any CPU.ActiveCfg = Debug|Any CPU
		{A5D3FD65-C558-4068-8486-15D9A3F8B7D6}.Debug|Any CPU.Build.0 = Debug|Any CPU
		{A5D3FD65-C558-4068-8486-15D9A3F8B7D6}.Debug|x64.ActiveCfg = Debug|Any CPU
		{A5D3FD65-C558-4068-8486-15D9A3F8B7D6}.Debug|x64.Build.0 = Debug|Any CPU
		{A5D3FD65-C558-4068-8486-15D9A3F8B7D6}.Debug|x86.ActiveCfg = Debug|Any CPU
		{A5D3FD65-C558-4068-8486-15D9A3F8B7D6}.Debug|x86.Build.0 = Debug|Any CPU
		{A5D3FD65-C558-4068-8486-15D9A3F8B7D6}.Release|Any CPU.ActiveCfg = Release|Any CPU
		{A5D3FD65-C558-4068-8486-15D9A3F8B7D6}.Release|Any CPU.Build.0 = Release|Any CPU
		{A5D3FD65-C558-4068-8486-15D9A3F8B7D6}.Release|x64.ActiveCfg = Release|Any CPU
		{A5D3FD65-C558-4068-8486-15D9A3F8B7D6}.Release|x64.Build.0 = Release|Any CPU
		{A5D3FD65-C558-4068-8486-15D9A3F8B7D6}.Release|x86.ActiveCfg = Release|Any CPU
		{A5D3FD65-C558-4068-8486-15D9A3F8B7D6}.Release|x86.Build.0 = Release|Any CPU
		{478F6E5C-BC1A-4C4C-9972-05D0DF86A565}.Debug|Any CPU.ActiveCfg = Debug|Any CPU
		{478F6E5C-BC1A-4C4C-9972-05D0DF86A565}.Debug|Any CPU.Build.0 = Debug|Any CPU
		{478F6E5C-BC1A-4C4C-9972-05D0DF86A565}.Debug|x64.ActiveCfg = Debug|Any CPU
		{478F6E5C-BC1A-4C4C-9972-05D0DF86A565}.Debug|x64.Build.0 = Debug|Any CPU
		{478F6E5C-BC1A-4C4C-9972-05D0DF86A565}.Debug|x86.ActiveCfg = Debug|Any CPU
		{478F6E5C-BC1A-4C4C-9972-05D0DF86A565}.Debug|x86.Build.0 = Debug|Any CPU
		{478F6E5C-BC1A-4C4C-9972-05D0DF86A565}.Release|Any CPU.ActiveCfg = Release|Any CPU
		{478F6E5C-BC1A-4C4C-9972-05D0DF86A565}.Release|Any CPU.Build.0 = Release|Any CPU
		{478F6E5C-BC1A-4C4C-9972-05D0DF86A565}.Release|x64.ActiveCfg = Release|Any CPU
		{478F6E5C-BC1A-4C4C-9972-05D0DF86A565}.Release|x64.Build.0 = Release|Any CPU
		{478F6E5C-BC1A-4C4C-9972-05D0DF86A565}.Release|x86.ActiveCfg = Release|Any CPU
		{478F6E5C-BC1A-4C4C-9972-05D0DF86A565}.Release|x86.Build.0 = Release|Any CPU
		{DDC7D159-62BC-4AAD-B346-484E18D14FC9}.Debug|Any CPU.ActiveCfg = Debug|Any CPU
		{DDC7D159-62BC-4AAD-B346-484E18D14FC9}.Debug|Any CPU.Build.0 = Debug|Any CPU
		{DDC7D159-62BC-4AAD-B346-484E18D14FC9}.Debug|x64.ActiveCfg = Debug|Any CPU
		{DDC7D159-62BC-4AAD-B346-484E18D14FC9}.Debug|x64.Build.0 = Debug|Any CPU
		{DDC7D159-62BC-4AAD-B346-484E18D14FC9}.Debug|x86.ActiveCfg = Debug|Any CPU
		{DDC7D159-62BC-4AAD-B346-484E18D14FC9}.Debug|x86.Build.0 = Debug|Any CPU
		{DDC7D159-62BC-4AAD-B346-484E18D14FC9}.Release|Any CPU.ActiveCfg = Release|Any CPU
		{DDC7D159-62BC-4AAD-B346-484E18D14FC9}.Release|Any CPU.Build.0 = Release|Any CPU
		{DDC7D159-62BC-4AAD-B346-484E18D14FC9}.Release|x64.ActiveCfg = Release|Any CPU
		{DDC7D159-62BC-4AAD-B346-484E18D14FC9}.Release|x64.Build.0 = Release|Any CPU
		{DDC7D159-62BC-4AAD-B346-484E18D14FC9}.Release|x86.ActiveCfg = Release|Any CPU
		{DDC7D159-62BC-4AAD-B346-484E18D14FC9}.Release|x86.Build.0 = Release|Any CPU
		{0F4D02D3-9494-452B-8153-6FBE016CDB78}.Debug|Any CPU.ActiveCfg = Debug|Any CPU
		{0F4D02D3-9494-452B-8153-6FBE016CDB78}.Debug|Any CPU.Build.0 = Debug|Any CPU
		{0F4D02D3-9494-452B-8153-6FBE016CDB78}.Debug|x64.ActiveCfg = Debug|Any CPU
		{0F4D02D3-9494-452B-8153-6FBE016CDB78}.Debug|x64.Build.0 = Debug|Any CPU
		{0F4D02D3-9494-452B-8153-6FBE016CDB78}.Debug|x86.ActiveCfg = Debug|Any CPU
		{0F4D02D3-9494-452B-8153-6FBE016CDB78}.Debug|x86.Build.0 = Debug|Any CPU
		{0F4D02D3-9494-452B-8153-6FBE016CDB78}.Release|Any CPU.ActiveCfg = Release|Any CPU
		{0F4D02D3-9494-452B-8153-6FBE016CDB78}.Release|Any CPU.Build.0 = Release|Any CPU
		{0F4D02D3-9494-452B-8153-6FBE016CDB78}.Release|x64.ActiveCfg = Release|Any CPU
		{0F4D02D3-9494-452B-8153-6FBE016CDB78}.Release|x64.Build.0 = Release|Any CPU
		{0F4D02D3-9494-452B-8153-6FBE016CDB78}.Release|x86.ActiveCfg = Release|Any CPU
		{0F4D02D3-9494-452B-8153-6FBE016CDB78}.Release|x86.Build.0 = Release|Any CPU
		{C4F34F20-5B3A-4D53-A92E-D89E5DFB1AB8}.Debug|Any CPU.ActiveCfg = Debug|Any CPU
		{C4F34F20-5B3A-4D53-A92E-D89E5DFB1AB8}.Debug|Any CPU.Build.0 = Debug|Any CPU
		{C4F34F20-5B3A-4D53-A92E-D89E5DFB1AB8}.Debug|x64.ActiveCfg = Debug|Any CPU
		{C4F34F20-5B3A-4D53-A92E-D89E5DFB1AB8}.Debug|x64.Build.0 = Debug|Any CPU
		{C4F34F20-5B3A-4D53-A92E-D89E5DFB1AB8}.Debug|x86.ActiveCfg = Debug|Any CPU
		{C4F34F20-5B3A-4D53-A92E-D89E5DFB1AB8}.Debug|x86.Build.0 = Debug|Any CPU
		{C4F34F20-5B3A-4D53-A92E-D89E5DFB1AB8}.Release|Any CPU.ActiveCfg = Release|Any CPU
		{C4F34F20-5B3A-4D53-A92E-D89E5DFB1AB8}.Release|Any CPU.Build.0 = Release|Any CPU
		{C4F34F20-5B3A-4D53-A92E-D89E5DFB1AB8}.Release|x64.ActiveCfg = Release|Any CPU
		{C4F34F20-5B3A-4D53-A92E-D89E5DFB1AB8}.Release|x64.Build.0 = Release|Any CPU
		{C4F34F20-5B3A-4D53-A92E-D89E5DFB1AB8}.Release|x86.ActiveCfg = Release|Any CPU
		{C4F34F20-5B3A-4D53-A92E-D89E5DFB1AB8}.Release|x86.Build.0 = Release|Any CPU
		{BD255EED-211B-425D-8B53-9540D95EE883}.Debug|Any CPU.ActiveCfg = Debug|Any CPU
		{BD255EED-211B-425D-8B53-9540D95EE883}.Debug|Any CPU.Build.0 = Debug|Any CPU
		{BD255EED-211B-425D-8B53-9540D95EE883}.Debug|x64.ActiveCfg = Debug|Any CPU
		{BD255EED-211B-425D-8B53-9540D95EE883}.Debug|x64.Build.0 = Debug|Any CPU
		{BD255EED-211B-425D-8B53-9540D95EE883}.Debug|x86.ActiveCfg = Debug|Any CPU
		{BD255EED-211B-425D-8B53-9540D95EE883}.Debug|x86.Build.0 = Debug|Any CPU
		{BD255EED-211B-425D-8B53-9540D95EE883}.Release|Any CPU.ActiveCfg = Release|Any CPU
		{BD255EED-211B-425D-8B53-9540D95EE883}.Release|Any CPU.Build.0 = Release|Any CPU
		{BD255EED-211B-425D-8B53-9540D95EE883}.Release|x64.ActiveCfg = Release|Any CPU
		{BD255EED-211B-425D-8B53-9540D95EE883}.Release|x64.Build.0 = Release|Any CPU
		{BD255EED-211B-425D-8B53-9540D95EE883}.Release|x86.ActiveCfg = Release|Any CPU
		{BD255EED-211B-425D-8B53-9540D95EE883}.Release|x86.Build.0 = Release|Any CPU
		{953C3BEF-A27A-4C87-B66A-F8AC40AE1D3F}.Debug|Any CPU.ActiveCfg = Debug|Any CPU
		{953C3BEF-A27A-4C87-B66A-F8AC40AE1D3F}.Debug|Any CPU.Build.0 = Debug|Any CPU
		{953C3BEF-A27A-4C87-B66A-F8AC40AE1D3F}.Debug|x64.ActiveCfg = Debug|Any CPU
		{953C3BEF-A27A-4C87-B66A-F8AC40AE1D3F}.Debug|x64.Build.0 = Debug|Any CPU
		{953C3BEF-A27A-4C87-B66A-F8AC40AE1D3F}.Debug|x86.ActiveCfg = Debug|Any CPU
		{953C3BEF-A27A-4C87-B66A-F8AC40AE1D3F}.Debug|x86.Build.0 = Debug|Any CPU
		{953C3BEF-A27A-4C87-B66A-F8AC40AE1D3F}.Release|Any CPU.ActiveCfg = Release|Any CPU
		{953C3BEF-A27A-4C87-B66A-F8AC40AE1D3F}.Release|Any CPU.Build.0 = Release|Any CPU
		{953C3BEF-A27A-4C87-B66A-F8AC40AE1D3F}.Release|x64.ActiveCfg = Release|Any CPU
		{953C3BEF-A27A-4C87-B66A-F8AC40AE1D3F}.Release|x64.Build.0 = Release|Any CPU
		{953C3BEF-A27A-4C87-B66A-F8AC40AE1D3F}.Release|x86.ActiveCfg = Release|Any CPU
		{953C3BEF-A27A-4C87-B66A-F8AC40AE1D3F}.Release|x86.Build.0 = Release|Any CPU
		{4C678662-BFBC-495C-9324-88CA7C053AFE}.Debug|Any CPU.ActiveCfg = Debug|Any CPU
		{4C678662-BFBC-495C-9324-88CA7C053AFE}.Debug|Any CPU.Build.0 = Debug|Any CPU
		{4C678662-BFBC-495C-9324-88CA7C053AFE}.Debug|x64.ActiveCfg = Debug|Any CPU
		{4C678662-BFBC-495C-9324-88CA7C053AFE}.Debug|x64.Build.0 = Debug|Any CPU
		{4C678662-BFBC-495C-9324-88CA7C053AFE}.Debug|x86.ActiveCfg = Debug|Any CPU
		{4C678662-BFBC-495C-9324-88CA7C053AFE}.Debug|x86.Build.0 = Debug|Any CPU
		{4C678662-BFBC-495C-9324-88CA7C053AFE}.Release|Any CPU.ActiveCfg = Release|Any CPU
		{4C678662-BFBC-495C-9324-88CA7C053AFE}.Release|Any CPU.Build.0 = Release|Any CPU
		{4C678662-BFBC-495C-9324-88CA7C053AFE}.Release|x64.ActiveCfg = Release|Any CPU
		{4C678662-BFBC-495C-9324-88CA7C053AFE}.Release|x64.Build.0 = Release|Any CPU
		{4C678662-BFBC-495C-9324-88CA7C053AFE}.Release|x86.ActiveCfg = Release|Any CPU
		{4C678662-BFBC-495C-9324-88CA7C053AFE}.Release|x86.Build.0 = Release|Any CPU
		{EE233E83-D201-4CEE-B27A-7B56C22B4638}.Debug|Any CPU.ActiveCfg = Debug|Any CPU
		{EE233E83-D201-4CEE-B27A-7B56C22B4638}.Debug|Any CPU.Build.0 = Debug|Any CPU
		{EE233E83-D201-4CEE-B27A-7B56C22B4638}.Debug|x64.ActiveCfg = Debug|Any CPU
		{EE233E83-D201-4CEE-B27A-7B56C22B4638}.Debug|x64.Build.0 = Debug|Any CPU
		{EE233E83-D201-4CEE-B27A-7B56C22B4638}.Debug|x86.ActiveCfg = Debug|Any CPU
		{EE233E83-D201-4CEE-B27A-7B56C22B4638}.Debug|x86.Build.0 = Debug|Any CPU
		{EE233E83-D201-4CEE-B27A-7B56C22B4638}.Release|Any CPU.ActiveCfg = Release|Any CPU
		{EE233E83-D201-4CEE-B27A-7B56C22B4638}.Release|Any CPU.Build.0 = Release|Any CPU
		{EE233E83-D201-4CEE-B27A-7B56C22B4638}.Release|x64.ActiveCfg = Release|Any CPU
		{EE233E83-D201-4CEE-B27A-7B56C22B4638}.Release|x64.Build.0 = Release|Any CPU
		{EE233E83-D201-4CEE-B27A-7B56C22B4638}.Release|x86.ActiveCfg = Release|Any CPU
		{EE233E83-D201-4CEE-B27A-7B56C22B4638}.Release|x86.Build.0 = Release|Any CPU
		{846668C9-75E3-4AF4-8E94-1591A4548BA1}.Debug|Any CPU.ActiveCfg = Debug|Any CPU
		{846668C9-75E3-4AF4-8E94-1591A4548BA1}.Debug|Any CPU.Build.0 = Debug|Any CPU
		{846668C9-75E3-4AF4-8E94-1591A4548BA1}.Debug|x64.ActiveCfg = Debug|Any CPU
		{846668C9-75E3-4AF4-8E94-1591A4548BA1}.Debug|x64.Build.0 = Debug|Any CPU
		{846668C9-75E3-4AF4-8E94-1591A4548BA1}.Debug|x86.ActiveCfg = Debug|Any CPU
		{846668C9-75E3-4AF4-8E94-1591A4548BA1}.Debug|x86.Build.0 = Debug|Any CPU
		{846668C9-75E3-4AF4-8E94-1591A4548BA1}.Release|Any CPU.ActiveCfg = Release|Any CPU
		{846668C9-75E3-4AF4-8E94-1591A4548BA1}.Release|Any CPU.Build.0 = Release|Any CPU
		{846668C9-75E3-4AF4-8E94-1591A4548BA1}.Release|x64.ActiveCfg = Release|Any CPU
		{846668C9-75E3-4AF4-8E94-1591A4548BA1}.Release|x64.Build.0 = Release|Any CPU
		{846668C9-75E3-4AF4-8E94-1591A4548BA1}.Release|x86.ActiveCfg = Release|Any CPU
		{846668C9-75E3-4AF4-8E94-1591A4548BA1}.Release|x86.Build.0 = Release|Any CPU
		{003EA724-F25E-4C79-A7B8-88361668E3E5}.Debug|Any CPU.ActiveCfg = Debug|Any CPU
		{003EA724-F25E-4C79-A7B8-88361668E3E5}.Debug|Any CPU.Build.0 = Debug|Any CPU
		{003EA724-F25E-4C79-A7B8-88361668E3E5}.Debug|x64.ActiveCfg = Debug|Any CPU
		{003EA724-F25E-4C79-A7B8-88361668E3E5}.Debug|x64.Build.0 = Debug|Any CPU
		{003EA724-F25E-4C79-A7B8-88361668E3E5}.Debug|x86.ActiveCfg = Debug|Any CPU
		{003EA724-F25E-4C79-A7B8-88361668E3E5}.Debug|x86.Build.0 = Debug|Any CPU
		{003EA724-F25E-4C79-A7B8-88361668E3E5}.Release|Any CPU.ActiveCfg = Release|Any CPU
		{003EA724-F25E-4C79-A7B8-88361668E3E5}.Release|Any CPU.Build.0 = Release|Any CPU
		{003EA724-F25E-4C79-A7B8-88361668E3E5}.Release|x64.ActiveCfg = Release|Any CPU
		{003EA724-F25E-4C79-A7B8-88361668E3E5}.Release|x64.Build.0 = Release|Any CPU
		{003EA724-F25E-4C79-A7B8-88361668E3E5}.Release|x86.ActiveCfg = Release|Any CPU
		{003EA724-F25E-4C79-A7B8-88361668E3E5}.Release|x86.Build.0 = Release|Any CPU
	EndGlobalSection
	GlobalSection(SolutionProperties) = preSolution
		HideSolutionNode = FALSE
	EndGlobalSection
	GlobalSection(NestedProjects) = preSolution
		{9D4E2D7E-1E70-4024-85D0-28DEDEE8B50F} = {4F52FD11-658E-A102-6CD3-7D7C16FFA15B}
		{E02989C5-82FC-F24E-D6EA-99E67DCAB776} = {3A8DF596-E814-FECC-DD4B-D8EF8AAC1A0D}
		{9515FEE0-EA75-F56A-7F3A-74A6AB53A525} = {E02989C5-82FC-F24E-D6EA-99E67DCAB776}
		{11303F1E-B2CC-4A57-A038-567765E81243} = {9515FEE0-EA75-F56A-7F3A-74A6AB53A525}
		{36E889D9-B371-41D1-98DA-1FB53D929C3E} = {4F52FD11-658E-A102-6CD3-7D7C16FFA15B}
		{09689F6A-B538-4B79-8562-FE9B6086A9C0} = {4F52FD11-658E-A102-6CD3-7D7C16FFA15B}
		{7FD45C38-32A4-4DCF-9237-0A77BEA42DCC} = {4F52FD11-658E-A102-6CD3-7D7C16FFA15B}
		{796452A8-77D9-4EC7-85C7-3D1AE188ED26} = {4F52FD11-658E-A102-6CD3-7D7C16FFA15B}
		{CB97BAB6-576F-0036-8D8B-ED0B05322E64} = {827E0CD3-B72D-47B6-A68D-7590B98EB39B}
		{FBDFEC63-CE92-4950-A6C5-00C4A6E121A7} = {CB97BAB6-576F-0036-8D8B-ED0B05322E64}
		{81B1C2ED-A40E-40EF-A3CD-B6B4E521CF24} = {CB97BAB6-576F-0036-8D8B-ED0B05322E64}
		{43866F20-4AA2-4CED-9701-319A8DE88487} = {D85A29DB-1665-DAC0-15C1-38C3ED03944B}
		{8E979C0F-EB6A-4030-82E5-C3F8B16027AD} = {54E3609F-1103-37CE-38E1-EE7E2E240B85}
		{82B7C229-ACF4-4F2F-9C26-62DA8AE56785} = {3A5A892E-FEAA-EEF5-288E-398CDBD6A573}
		{B16CAC75-B314-477D-81E3-42F8E3447180} = {F9F5D555-9C92-041D-2C97-2E93D7899BA6}
		{98CA2671-AF61-4345-A644-2A4CFD615581} = {3A5A892E-FEAA-EEF5-288E-398CDBD6A573}
		{2BF0FFDD-7700-47CC-B31B-E7C56991E5B3} = {3A5A892E-FEAA-EEF5-288E-398CDBD6A573}
		{DD035730-50BF-4B66-AA6A-430B1CD2D466} = {AE46CC9A-5502-86DB-B795-80687CC1E02C}
		{BB60210D-5B10-4BAF-9129-45513776BDF2} = {7226ABEA-787E-1D09-10EA-A2ECF996D6A6}
		{14A8174B-5068-4542-944C-E6D9235A95BA} = {54E3609F-1103-37CE-38E1-EE7E2E240B85}
		{CBC7AE29-18F6-4CD6-8D75-A6CBD52170CF} = {54E3609F-1103-37CE-38E1-EE7E2E240B85}
		{63100B2C-2939-4FF5-97C9-71659732BED6} = {54E3609F-1103-37CE-38E1-EE7E2E240B85}
		{3B4BACA8-B7D4-4D09-BA31-5A3945BE0850} = {54E3609F-1103-37CE-38E1-EE7E2E240B85}
		{D201CB3E-3C33-4DAB-B953-30CAD07B80EA} = {54E3609F-1103-37CE-38E1-EE7E2E240B85}
		{DDE903B5-A1DA-48D9-A37D-F499024300C3} = {3A5A892E-FEAA-EEF5-288E-398CDBD6A573}
		{6A389724-FF6F-4E2D-8003-4738F1FD0966} = {3A5A892E-FEAA-EEF5-288E-398CDBD6A573}
		{F4401426-8672-486C-B7A6-8DC6EDD045F1} = {F9F5D555-9C92-041D-2C97-2E93D7899BA6}
		{6F2E3843-F1F8-4EDA-B791-2A8252AAE25C} = {F9F5D555-9C92-041D-2C97-2E93D7899BA6}
		{1BFC54F9-BCE2-4D12-AEDA-00CFFE323CC0} = {F9F5D555-9C92-041D-2C97-2E93D7899BA6}
		{2B484E11-C929-4F23-9464-EED138AB1CAE} = {F9F5D555-9C92-041D-2C97-2E93D7899BA6}
		{5371386F-75CF-4FA6-A397-EC13E0F5A82C} = {F9F5D555-9C92-041D-2C97-2E93D7899BA6}
		{16B90984-7F06-4DE4-AC42-A490B79DE7C5} = {F9F5D555-9C92-041D-2C97-2E93D7899BA6}
		{5EB1FA4D-AB99-4F40-8C2B-80C69C2337F8} = {AE46CC9A-5502-86DB-B795-80687CC1E02C}
		{A5D3FD65-C558-4068-8486-15D9A3F8B7D6} = {AE46CC9A-5502-86DB-B795-80687CC1E02C}
		{478F6E5C-BC1A-4C4C-9972-05D0DF86A565} = {AE46CC9A-5502-86DB-B795-80687CC1E02C}
		{DDC7D159-62BC-4AAD-B346-484E18D14FC9} = {AE46CC9A-5502-86DB-B795-80687CC1E02C}
		{0F4D02D3-9494-452B-8153-6FBE016CDB78} = {3A5A892E-FEAA-EEF5-288E-398CDBD6A573}
		{C4F34F20-5B3A-4D53-A92E-D89E5DFB1AB8} = {54E3609F-1103-37CE-38E1-EE7E2E240B85}
		{BD255EED-211B-425D-8B53-9540D95EE883} = {54E3609F-1103-37CE-38E1-EE7E2E240B85}
		{953C3BEF-A27A-4C87-B66A-F8AC40AE1D3F} = {F9F5D555-9C92-041D-2C97-2E93D7899BA6}
		{4C678662-BFBC-495C-9324-88CA7C053AFE} = {F9F5D555-9C92-041D-2C97-2E93D7899BA6}
		{EE233E83-D201-4CEE-B27A-7B56C22B4638} = {AE46CC9A-5502-86DB-B795-80687CC1E02C}
		{846668C9-75E3-4AF4-8E94-1591A4548BA1} = {0AB3BF05-4346-4AA6-1389-037BE0695223}
		{003EA724-F25E-4C79-A7B8-88361668E3E5} = {36E7FC26-247D-07CC-9F36-7068B8A9EA44}
	EndGlobalSection
EndGlobal
